
Microsoft Visual Studio Solution File, Format Version 12.00
# Visual Studio Version 16
VisualStudioVersion = 16.0.29418.71
MinimumVisualStudioVersion = 10.0.40219.1
Project("{FAE04EC0-301F-11D3-BF4B-00C04F79EFBC}") = "klay", "klay\klay.csproj", "{161CB026-2035-47DF-9682-D212F2916572}"
EndProject
Global
	GlobalSection(SolutionConfigurationPlatforms) = preSolution
		Debug|Any CPU = Debug|Any CPU
		Release|Any CPU = Release|Any CPU
	EndGlobalSection
	GlobalSection(ProjectConfigurationPlatforms) = postSolution
		{161CB026-2035-47DF-9682-D212F2916572}.Debug|Any CPU.ActiveCfg = Debug|Any CPU
		{161CB026-2035-47DF-9682-D212F2916572}.Debug|Any CPU.Build.0 = Debug|Any CPU
		{161CB026-2035-47DF-9682-D212F2916572}.Release|Any CPU.ActiveCfg = Release|Any CPU
		{161CB026-2035-47DF-9682-D212F2916572}.Release|Any CPU.Build.0 = Release|Any CPU
	EndGlobalSection
	GlobalSection(SolutionProperties) = preSolution
		HideSolutionNode = FALSE
	EndGlobalSection
	GlobalSection(ExtensibilityGlobals) = postSolution
		SolutionGuid = {DC212694-E18F-4067-9517-A80439C78D55}
	EndGlobalSection
EndGlobal
